// !$*UTF8*$!
{
	archiveVersion = 1;
	classes = {
	};
	objectVersion = 50;
	objects = {

/* Begin PBXBuildFile section */
		266CDD8621FB8246009B161D /* VirtualObjectLoader.swift in Sources */ = {isa = PBXBuildFile; fileRef = 266CDD8521FB8246009B161D /* VirtualObjectLoader.swift */; };
		266CDD882208CCB5009B161D /* ViewController+ARSCNViewDelegate.swift in Sources */ = {isa = PBXBuildFile; fileRef = 266CDD872208CCB5009B161D /* ViewController+ARSCNViewDelegate.swift */; };
		266CDD8A2208D16F009B161D /* ViewController+Actions.swift in Sources */ = {isa = PBXBuildFile; fileRef = 266CDD892208D16F009B161D /* ViewController+Actions.swift */; };
		266CDD8C2208D1C2009B161D /* ViewController+ObjectSelection.swift in Sources */ = {isa = PBXBuildFile; fileRef = 266CDD8B2208D1C2009B161D /* ViewController+ObjectSelection.swift */; };
		266CDD8E2208D222009B161D /* VirtualObjectInteraction.swift in Sources */ = {isa = PBXBuildFile; fileRef = 266CDD8D2208D222009B161D /* VirtualObjectInteraction.swift */; };
		266CDD902208D2AF009B161D /* ThresholdPanGesture.swift in Sources */ = {isa = PBXBuildFile; fileRef = 266CDD8F2208D2AF009B161D /* ThresholdPanGesture.swift */; };
		266CDD932208D377009B161D /* FocusSquare.swift in Sources */ = {isa = PBXBuildFile; fileRef = 266CDD922208D377009B161D /* FocusSquare.swift */; };
		266CDD952208D3B4009B161D /* FocusSquareSegment.swift in Sources */ = {isa = PBXBuildFile; fileRef = 266CDD942208D3B4009B161D /* FocusSquareSegment.swift */; };
		266CDD982208D3E1009B161D /* StatusViewController.swift in Sources */ = {isa = PBXBuildFile; fileRef = 266CDD972208D3E1009B161D /* StatusViewController.swift */; };
		266CDD9A2208D441009B161D /* VirtualObjectSelection.swift in Sources */ = {isa = PBXBuildFile; fileRef = 266CDD992208D441009B161D /* VirtualObjectSelection.swift */; };
		266CDD9D2208D518009B161D /* Utilities.swift in Sources */ = {isa = PBXBuildFile; fileRef = 266CDD9C2208D518009B161D /* Utilities.swift */; };
		26FA6B3D21D2AE6400AC5998 /* AppDelegate.swift in Sources */ = {isa = PBXBuildFile; fileRef = 26FA6B3C21D2AE6400AC5998 /* AppDelegate.swift */; };
		26FA6B3F21D2AE6400AC5998 /* Model.scnassets in Resources */ = {isa = PBXBuildFile; fileRef = 26FA6B3E21D2AE6400AC5998 /* Model.scnassets */; };
		26FA6B4121D2AE6400AC5998 /* ViewController.swift in Sources */ = {isa = PBXBuildFile; fileRef = 26FA6B4021D2AE6400AC5998 /* ViewController.swift */; };
		26FA6B4421D2AE6400AC5998 /* Main.storyboard in Resources */ = {isa = PBXBuildFile; fileRef = 26FA6B4221D2AE6400AC5998 /* Main.storyboard */; };
		26FA6B4621D2AE6500AC5998 /* Assets.xcassets in Resources */ = {isa = PBXBuildFile; fileRef = 26FA6B4521D2AE6500AC5998 /* Assets.xcassets */; };
		26FA6B4921D2AE6500AC5998 /* LaunchScreen.storyboard in Resources */ = {isa = PBXBuildFile; fileRef = 26FA6B4721D2AE6500AC5998 /* LaunchScreen.storyboard */; };
		26FA6B5421D2AE6500AC5998 /* NeverMindTests.swift in Sources */ = {isa = PBXBuildFile; fileRef = 26FA6B5321D2AE6500AC5998 /* NeverMindTests.swift */; };
		26FA6B5F21D2AE6500AC5998 /* NeverMindUITests.swift in Sources */ = {isa = PBXBuildFile; fileRef = 26FA6B5E21D2AE6500AC5998 /* NeverMindUITests.swift */; };
		26FA6B7221D9D78300AC5998 /* VirtualObject.swift in Sources */ = {isa = PBXBuildFile; fileRef = 26FA6B7121D9D78300AC5998 /* VirtualObject.swift */; };
		26FA6B7421D9D88F00AC5998 /* VirtualObjectARView.swift in Sources */ = {isa = PBXBuildFile; fileRef = 26FA6B7321D9D88F00AC5998 /* VirtualObjectARView.swift */; };
/* End PBXBuildFile section */

/* Begin PBXContainerItemProxy section */
		26FA6B5021D2AE6500AC5998 /* PBXContainerItemProxy */ = {
			isa = PBXContainerItemProxy;
			containerPortal = 26FA6B3121D2AE6400AC5998 /* Project object */;
			proxyType = 1;
			remoteGlobalIDString = 26FA6B3821D2AE6400AC5998;
			remoteInfo = NeverMind;
		};
		26FA6B5B21D2AE6500AC5998 /* PBXContainerItemProxy */ = {
			isa = PBXContainerItemProxy;
			containerPortal = 26FA6B3121D2AE6400AC5998 /* Project object */;
			proxyType = 1;
			remoteGlobalIDString = 26FA6B3821D2AE6400AC5998;
			remoteInfo = NeverMind;
		};
/* End PBXContainerItemProxy section */

/* Begin PBXFileReference section */
		266CDD8521FB8246009B161D /* VirtualObjectLoader.swift */ = {isa = PBXFileReference; lastKnownFileType = sourcecode.swift; path = VirtualObjectLoader.swift; sourceTree = "<group>"; };
		266CDD872208CCB5009B161D /* ViewController+ARSCNViewDelegate.swift */ = {isa = PBXFileReference; lastKnownFileType = sourcecode.swift; path = "ViewController+ARSCNViewDelegate.swift"; sourceTree = "<group>"; };
		266CDD892208D16F009B161D /* ViewController+Actions.swift */ = {isa = PBXFileReference; lastKnownFileType = sourcecode.swift; path = "ViewController+Actions.swift"; sourceTree = "<group>"; };
		266CDD8B2208D1C2009B161D /* ViewController+ObjectSelection.swift */ = {isa = PBXFileReference; lastKnownFileType = sourcecode.swift; path = "ViewController+ObjectSelection.swift"; sourceTree = "<group>"; };
		266CDD8D2208D222009B161D /* VirtualObjectInteraction.swift */ = {isa = PBXFileReference; lastKnownFileType = sourcecode.swift; path = VirtualObjectInteraction.swift; sourceTree = "<group>"; };
		266CDD8F2208D2AF009B161D /* ThresholdPanGesture.swift */ = {isa = PBXFileReference; lastKnownFileType = sourcecode.swift; path = ThresholdPanGesture.swift; sourceTree = "<group>"; };
		266CDD922208D377009B161D /* FocusSquare.swift */ = {isa = PBXFileReference; lastKnownFileType = sourcecode.swift; path = FocusSquare.swift; sourceTree = "<group>"; };
		266CDD942208D3B4009B161D /* FocusSquareSegment.swift */ = {isa = PBXFileReference; lastKnownFileType = sourcecode.swift; path = FocusSquareSegment.swift; sourceTree = "<group>"; };
		266CDD972208D3E1009B161D /* StatusViewController.swift */ = {isa = PBXFileReference; lastKnownFileType = sourcecode.swift; path = StatusViewController.swift; sourceTree = "<group>"; };
		266CDD992208D441009B161D /* VirtualObjectSelection.swift */ = {isa = PBXFileReference; lastKnownFileType = sourcecode.swift; path = VirtualObjectSelection.swift; sourceTree = "<group>"; };
		266CDD9C2208D518009B161D /* Utilities.swift */ = {isa = PBXFileReference; lastKnownFileType = sourcecode.swift; path = Utilities.swift; sourceTree = "<group>"; };
		26FA6B3921D2AE6400AC5998 /* NeverMind.app */ = {isa = PBXFileReference; explicitFileType = wrapper.application; includeInIndex = 0; path = NeverMind.app; sourceTree = BUILT_PRODUCTS_DIR; };
		26FA6B3C21D2AE6400AC5998 /* AppDelegate.swift */ = {isa = PBXFileReference; lastKnownFileType = sourcecode.swift; path = AppDelegate.swift; sourceTree = "<group>"; };
		26FA6B3E21D2AE6400AC5998 /* Model.scnassets */ = {isa = PBXFileReference; lastKnownFileType = wrapper.scnassets; path = Model.scnassets; sourceTree = "<group>"; };
		26FA6B4021D2AE6400AC5998 /* ViewController.swift */ = {isa = PBXFileReference; lastKnownFileType = sourcecode.swift; path = ViewController.swift; sourceTree = "<group>"; };
		26FA6B4321D2AE6400AC5998 /* Base */ = {isa = PBXFileReference; lastKnownFileType = file.storyboard; name = Base; path = Base.lproj/Main.storyboard; sourceTree = "<group>"; };
		26FA6B4521D2AE6500AC5998 /* Assets.xcassets */ = {isa = PBXFileReference; lastKnownFileType = folder.assetcatalog; path = Assets.xcassets; sourceTree = "<group>"; };
		26FA6B4821D2AE6500AC5998 /* Base */ = {isa = PBXFileReference; lastKnownFileType = file.storyboard; name = Base; path = Base.lproj/LaunchScreen.storyboard; sourceTree = "<group>"; };
		26FA6B4A21D2AE6500AC5998 /* Info.plist */ = {isa = PBXFileReference; lastKnownFileType = text.plist.xml; path = Info.plist; sourceTree = "<group>"; };
		26FA6B4F21D2AE6500AC5998 /* NeverMindTests.xctest */ = {isa = PBXFileReference; explicitFileType = wrapper.cfbundle; includeInIndex = 0; path = NeverMindTests.xctest; sourceTree = BUILT_PRODUCTS_DIR; };
		26FA6B5321D2AE6500AC5998 /* NeverMindTests.swift */ = {isa = PBXFileReference; lastKnownFileType = sourcecode.swift; path = NeverMindTests.swift; sourceTree = "<group>"; };
		26FA6B5521D2AE6500AC5998 /* Info.plist */ = {isa = PBXFileReference; lastKnownFileType = text.plist.xml; path = Info.plist; sourceTree = "<group>"; };
		26FA6B5A21D2AE6500AC5998 /* NeverMindUITests.xctest */ = {isa = PBXFileReference; explicitFileType = wrapper.cfbundle; includeInIndex = 0; path = NeverMindUITests.xctest; sourceTree = BUILT_PRODUCTS_DIR; };
		26FA6B5E21D2AE6500AC5998 /* NeverMindUITests.swift */ = {isa = PBXFileReference; lastKnownFileType = sourcecode.swift; path = NeverMindUITests.swift; sourceTree = "<group>"; };
		26FA6B6021D2AE6500AC5998 /* Info.plist */ = {isa = PBXFileReference; lastKnownFileType = text.plist.xml; path = Info.plist; sourceTree = "<group>"; };
		26FA6B7121D9D78300AC5998 /* VirtualObject.swift */ = {isa = PBXFileReference; lastKnownFileType = sourcecode.swift; path = VirtualObject.swift; sourceTree = "<group>"; };
		26FA6B7321D9D88F00AC5998 /* VirtualObjectARView.swift */ = {isa = PBXFileReference; lastKnownFileType = sourcecode.swift; path = VirtualObjectARView.swift; sourceTree = "<group>"; };
/* End PBXFileReference section */

/* Begin PBXFrameworksBuildPhase section */
		26FA6B3621D2AE6400AC5998 /* Frameworks */ = {
			isa = PBXFrameworksBuildPhase;
			buildActionMask = 2147483647;
			files = (
			);
			runOnlyForDeploymentPostprocessing = 0;
		};
		26FA6B4C21D2AE6500AC5998 /* Frameworks */ = {
			isa = PBXFrameworksBuildPhase;
			buildActionMask = 2147483647;
			files = (
			);
			runOnlyForDeploymentPostprocessing = 0;
		};
		26FA6B5721D2AE6500AC5998 /* Frameworks */ = {
			isa = PBXFrameworksBuildPhase;
			buildActionMask = 2147483647;
			files = (
			);
			runOnlyForDeploymentPostprocessing = 0;
		};
/* End PBXFrameworksBuildPhase section */

/* Begin PBXGroup section */
		266CDD912208D367009B161D /* Focus Square */ = {
			isa = PBXGroup;
			children = (
				266CDD922208D377009B161D /* FocusSquare.swift */,
				266CDD942208D3B4009B161D /* FocusSquareSegment.swift */,
			);
			path = "Focus Square";
			sourceTree = "<group>";
		};
		266CDD962208D3CE009B161D /* Additional View Controllers */ = {
			isa = PBXGroup;
			children = (
				266CDD972208D3E1009B161D /* StatusViewController.swift */,
				266CDD992208D441009B161D /* VirtualObjectSelection.swift */,
			);
			path = "Additional View Controllers";
			sourceTree = "<group>";
		};
		266CDD9B2208D4F0009B161D /* Utilities */ = {
			isa = PBXGroup;
			children = (
				266CDD9C2208D518009B161D /* Utilities.swift */,
			);
			path = Utilities;
			sourceTree = "<group>";
		};
		26FA6B3021D2AE6400AC5998 = {
			isa = PBXGroup;
			children = (
				26FA6B3B21D2AE6400AC5998 /* NeverMind */,
				26FA6B5221D2AE6500AC5998 /* NeverMindTests */,
				26FA6B5D21D2AE6500AC5998 /* NeverMindUITests */,
				26FA6B3A21D2AE6400AC5998 /* Products */,
			);
			sourceTree = "<group>";
		};
		26FA6B3A21D2AE6400AC5998 /* Products */ = {
			isa = PBXGroup;
			children = (
				26FA6B3921D2AE6400AC5998 /* NeverMind.app */,
				26FA6B4F21D2AE6500AC5998 /* NeverMindTests.xctest */,
				26FA6B5A21D2AE6500AC5998 /* NeverMindUITests.xctest */,
			);
			name = Products;
			sourceTree = "<group>";
		};
		26FA6B3B21D2AE6400AC5998 /* NeverMind */ = {
			isa = PBXGroup;
			children = (
				26FA6B3C21D2AE6400AC5998 /* AppDelegate.swift */,
				26FA6B4021D2AE6400AC5998 /* ViewController.swift */,
				266CDD872208CCB5009B161D /* ViewController+ARSCNViewDelegate.swift */,
				266CDD892208D16F009B161D /* ViewController+Actions.swift */,
				266CDD8B2208D1C2009B161D /* ViewController+ObjectSelection.swift */,
				266CDD8D2208D222009B161D /* VirtualObjectInteraction.swift */,
				266CDD8F2208D2AF009B161D /* ThresholdPanGesture.swift */,
				26FA6B7321D9D88F00AC5998 /* VirtualObjectARView.swift */,
				26FA6B4221D2AE6400AC5998 /* Main.storyboard */,
				26FA6B7021D9D76600AC5998 /* Virtual Objects */,
				266CDD912208D367009B161D /* Focus Square */,
				266CDD962208D3CE009B161D /* Additional View Controllers */,
				266CDD9B2208D4F0009B161D /* Utilities */,
				26FA6B4521D2AE6500AC5998 /* Assets.xcassets */,
				26FA6B4721D2AE6500AC5998 /* LaunchScreen.storyboard */,
				26FA6B4A21D2AE6500AC5998 /* Info.plist */,
				26FA6B6C21D2DA9B00AC5998 /* Resources */,
			);
			path = NeverMind;
			sourceTree = "<group>";
		};
		26FA6B5221D2AE6500AC5998 /* NeverMindTests */ = {
			isa = PBXGroup;
			children = (
				26FA6B5321D2AE6500AC5998 /* NeverMindTests.swift */,
				26FA6B5521D2AE6500AC5998 /* Info.plist */,
			);
			path = NeverMindTests;
			sourceTree = "<group>";
		};
		26FA6B5D21D2AE6500AC5998 /* NeverMindUITests */ = {
			isa = PBXGroup;
			children = (
				26FA6B5E21D2AE6500AC5998 /* NeverMindUITests.swift */,
				26FA6B6021D2AE6500AC5998 /* Info.plist */,
			);
			path = NeverMindUITests;
			sourceTree = "<group>";
		};
		26FA6B6C21D2DA9B00AC5998 /* Resources */ = {
			isa = PBXGroup;
			children = (
				26FA6B3E21D2AE6400AC5998 /* Model.scnassets */,
			);
			path = Resources;
			sourceTree = "<group>";
		};
		26FA6B7021D9D76600AC5998 /* Virtual Objects */ = {
			isa = PBXGroup;
			children = (
				26FA6B7121D9D78300AC5998 /* VirtualObject.swift */,
				266CDD8521FB8246009B161D /* VirtualObjectLoader.swift */,
			);
			path = "Virtual Objects";
			sourceTree = "<group>";
		};
/* End PBXGroup section */

/* Begin PBXNativeTarget section */
		26FA6B3821D2AE6400AC5998 /* NeverMind */ = {
			isa = PBXNativeTarget;
			buildConfigurationList = 26FA6B6321D2AE6500AC5998 /* Build configuration list for PBXNativeTarget "NeverMind" */;
			buildPhases = (
				26FA6B3521D2AE6400AC5998 /* Sources */,
				26FA6B3621D2AE6400AC5998 /* Frameworks */,
				26FA6B3721D2AE6400AC5998 /* Resources */,
			);
			buildRules = (
			);
			dependencies = (
			);
			name = NeverMind;
			productName = NeverMind;
			productReference = 26FA6B3921D2AE6400AC5998 /* NeverMind.app */;
			productType = "com.apple.product-type.application";
		};
		26FA6B4E21D2AE6500AC5998 /* NeverMindTests */ = {
			isa = PBXNativeTarget;
			buildConfigurationList = 26FA6B6621D2AE6500AC5998 /* Build configuration list for PBXNativeTarget "NeverMindTests" */;
			buildPhases = (
				26FA6B4B21D2AE6500AC5998 /* Sources */,
				26FA6B4C21D2AE6500AC5998 /* Frameworks */,
				26FA6B4D21D2AE6500AC5998 /* Resources */,
			);
			buildRules = (
			);
			dependencies = (
				26FA6B5121D2AE6500AC5998 /* PBXTargetDependency */,
			);
			name = NeverMindTests;
			productName = NeverMindTests;
			productReference = 26FA6B4F21D2AE6500AC5998 /* NeverMindTests.xctest */;
			productType = "com.apple.product-type.bundle.unit-test";
		};
		26FA6B5921D2AE6500AC5998 /* NeverMindUITests */ = {
			isa = PBXNativeTarget;
			buildConfigurationList = 26FA6B6921D2AE6500AC5998 /* Build configuration list for PBXNativeTarget "NeverMindUITests" */;
			buildPhases = (
				26FA6B5621D2AE6500AC5998 /* Sources */,
				26FA6B5721D2AE6500AC5998 /* Frameworks */,
				26FA6B5821D2AE6500AC5998 /* Resources */,
			);
			buildRules = (
			);
			dependencies = (
				26FA6B5C21D2AE6500AC5998 /* PBXTargetDependency */,
			);
			name = NeverMindUITests;
			productName = NeverMindUITests;
			productReference = 26FA6B5A21D2AE6500AC5998 /* NeverMindUITests.xctest */;
			productType = "com.apple.product-type.bundle.ui-testing";
		};
/* End PBXNativeTarget section */

/* Begin PBXProject section */
		26FA6B3121D2AE6400AC5998 /* Project object */ = {
			isa = PBXProject;
			attributes = {
				LastSwiftUpdateCheck = 1010;
				LastUpgradeCheck = 1010;
				ORGANIZATIONNAME = "MIT Media Labs: Fluid Interfaces";
				TargetAttributes = {
					26FA6B3821D2AE6400AC5998 = {
						CreatedOnToolsVersion = 10.1;
					};
					26FA6B4E21D2AE6500AC5998 = {
						CreatedOnToolsVersion = 10.1;
						TestTargetID = 26FA6B3821D2AE6400AC5998;
					};
					26FA6B5921D2AE6500AC5998 = {
						CreatedOnToolsVersion = 10.1;
						TestTargetID = 26FA6B3821D2AE6400AC5998;
					};
				};
			};
			buildConfigurationList = 26FA6B3421D2AE6400AC5998 /* Build configuration list for PBXProject "NeverMind" */;
			compatibilityVersion = "Xcode 9.3";
			developmentRegion = en;
			hasScannedForEncodings = 0;
			knownRegions = (
				en,
				Base,
			);
			mainGroup = 26FA6B3021D2AE6400AC5998;
			productRefGroup = 26FA6B3A21D2AE6400AC5998 /* Products */;
			projectDirPath = "";
			projectRoot = "";
			targets = (
				26FA6B3821D2AE6400AC5998 /* NeverMind */,
				26FA6B4E21D2AE6500AC5998 /* NeverMindTests */,
				26FA6B5921D2AE6500AC5998 /* NeverMindUITests */,
			);
		};
/* End PBXProject section */

/* Begin PBXResourcesBuildPhase section */
		26FA6B3721D2AE6400AC5998 /* Resources */ = {
			isa = PBXResourcesBuildPhase;
			buildActionMask = 2147483647;
			files = (
				26FA6B3F21D2AE6400AC5998 /* Model.scnassets in Resources */,
				26FA6B4921D2AE6500AC5998 /* LaunchScreen.storyboard in Resources */,
				26FA6B4621D2AE6500AC5998 /* Assets.xcassets in Resources */,
				26FA6B4421D2AE6400AC5998 /* Main.storyboard in Resources */,
			);
			runOnlyForDeploymentPostprocessing = 0;
		};
		26FA6B4D21D2AE6500AC5998 /* Resources */ = {
			isa = PBXResourcesBuildPhase;
			buildActionMask = 2147483647;
			files = (
			);
			runOnlyForDeploymentPostprocessing = 0;
		};
		26FA6B5821D2AE6500AC5998 /* Resources */ = {
			isa = PBXResourcesBuildPhase;
			buildActionMask = 2147483647;
			files = (
			);
			runOnlyForDeploymentPostprocessing = 0;
		};
/* End PBXResourcesBuildPhase section */

/* Begin PBXSourcesBuildPhase section */
		26FA6B3521D2AE6400AC5998 /* Sources */ = {
			isa = PBXSourcesBuildPhase;
			buildActionMask = 2147483647;
			files = (
				26FA6B4121D2AE6400AC5998 /* ViewController.swift in Sources */,
				266CDD9A2208D441009B161D /* VirtualObjectSelection.swift in Sources */,
				266CDD9D2208D518009B161D /* Utilities.swift in Sources */,
				266CDD8621FB8246009B161D /* VirtualObjectLoader.swift in Sources */,
				26FA6B3D21D2AE6400AC5998 /* AppDelegate.swift in Sources */,
				266CDD882208CCB5009B161D /* ViewController+ARSCNViewDelegate.swift in Sources */,
				266CDD982208D3E1009B161D /* StatusViewController.swift in Sources */,
				266CDD8A2208D16F009B161D /* ViewController+Actions.swift in Sources */,
				266CDD902208D2AF009B161D /* ThresholdPanGesture.swift in Sources */,
				266CDD8C2208D1C2009B161D /* ViewController+ObjectSelection.swift in Sources */,
				26FA6B7221D9D78300AC5998 /* VirtualObject.swift in Sources */,
				266CDD8E2208D222009B161D /* VirtualObjectInteraction.swift in Sources */,
				266CDD932208D377009B161D /* FocusSquare.swift in Sources */,
				266CDD952208D3B4009B161D /* FocusSquareSegment.swift in Sources */,
			);
			runOnlyForDeploymentPostprocessing = 0;
		};
		26FA6B4B21D2AE6500AC5998 /* Sources */ = {
			isa = PBXSourcesBuildPhase;
			buildActionMask = 2147483647;
			files = (
				26FA6B7421D9D88F00AC5998 /* VirtualObjectARView.swift in Sources */,
				26FA6B5421D2AE6500AC5998 /* NeverMindTests.swift in Sources */,
			);
			runOnlyForDeploymentPostprocessing = 0;
		};
		26FA6B5621D2AE6500AC5998 /* Sources */ = {
			isa = PBXSourcesBuildPhase;
			buildActionMask = 2147483647;
			files = (
				26FA6B5F21D2AE6500AC5998 /* NeverMindUITests.swift in Sources */,
			);
			runOnlyForDeploymentPostprocessing = 0;
		};
/* End PBXSourcesBuildPhase section */

/* Begin PBXTargetDependency section */
		26FA6B5121D2AE6500AC5998 /* PBXTargetDependency */ = {
			isa = PBXTargetDependency;
			target = 26FA6B3821D2AE6400AC5998 /* NeverMind */;
			targetProxy = 26FA6B5021D2AE6500AC5998 /* PBXContainerItemProxy */;
		};
		26FA6B5C21D2AE6500AC5998 /* PBXTargetDependency */ = {
			isa = PBXTargetDependency;
			target = 26FA6B3821D2AE6400AC5998 /* NeverMind */;
			targetProxy = 26FA6B5B21D2AE6500AC5998 /* PBXContainerItemProxy */;
		};
/* End PBXTargetDependency section */

/* Begin PBXVariantGroup section */
		26FA6B4221D2AE6400AC5998 /* Main.storyboard */ = {
			isa = PBXVariantGroup;
			children = (
				26FA6B4321D2AE6400AC5998 /* Base */,
			);
			name = Main.storyboard;
			sourceTree = "<group>";
		};
		26FA6B4721D2AE6500AC5998 /* LaunchScreen.storyboard */ = {
			isa = PBXVariantGroup;
			children = (
				26FA6B4821D2AE6500AC5998 /* Base */,
			);
			name = LaunchScreen.storyboard;
			sourceTree = "<group>";
		};
/* End PBXVariantGroup section */

/* Begin XCBuildConfiguration section */
		26FA6B6121D2AE6500AC5998 /* Debug */ = {
			isa = XCBuildConfiguration;
			buildSettings = {
				ALWAYS_SEARCH_USER_PATHS = NO;
				CLANG_ANALYZER_NONNULL = YES;
				CLANG_ANALYZER_NUMBER_OBJECT_CONVERSION = YES_AGGRESSIVE;
				CLANG_CXX_LANGUAGE_STANDARD = "gnu++14";
				CLANG_CXX_LIBRARY = "libc++";
				CLANG_ENABLE_MODULES = YES;
				CLANG_ENABLE_OBJC_ARC = YES;
				CLANG_ENABLE_OBJC_WEAK = YES;
				CLANG_WARN_BLOCK_CAPTURE_AUTORELEASING = YES;
				CLANG_WARN_BOOL_CONVERSION = YES;
				CLANG_WARN_COMMA = YES;
				CLANG_WARN_CONSTANT_CONVERSION = YES;
				CLANG_WARN_DEPRECATED_OBJC_IMPLEMENTATIONS = YES;
				CLANG_WARN_DIRECT_OBJC_ISA_USAGE = YES_ERROR;
				CLANG_WARN_DOCUMENTATION_COMMENTS = YES;
				CLANG_WARN_EMPTY_BODY = YES;
				CLANG_WARN_ENUM_CONVERSION = YES;
				CLANG_WARN_INFINITE_RECURSION = YES;
				CLANG_WARN_INT_CONVERSION = YES;
				CLANG_WARN_NON_LITERAL_NULL_CONVERSION = YES;
				CLANG_WARN_OBJC_IMPLICIT_RETAIN_SELF = YES;
				CLANG_WARN_OBJC_LITERAL_CONVERSION = YES;
				CLANG_WARN_OBJC_ROOT_CLASS = YES_ERROR;
				CLANG_WARN_RANGE_LOOP_ANALYSIS = YES;
				CLANG_WARN_STRICT_PROTOTYPES = YES;
				CLANG_WARN_SUSPICIOUS_MOVE = YES;
				CLANG_WARN_UNGUARDED_AVAILABILITY = YES_AGGRESSIVE;
				CLANG_WARN_UNREACHABLE_CODE = YES;
				CLANG_WARN__DUPLICATE_METHOD_MATCH = YES;
				CODE_SIGN_IDENTITY = "iPhone Developer";
				COPY_PHASE_STRIP = NO;
				DEBUG_INFORMATION_FORMAT = dwarf;
				ENABLE_STRICT_OBJC_MSGSEND = YES;
				ENABLE_TESTABILITY = YES;
				GCC_C_LANGUAGE_STANDARD = gnu11;
				GCC_DYNAMIC_NO_PIC = NO;
				GCC_NO_COMMON_BLOCKS = YES;
				GCC_OPTIMIZATION_LEVEL = 0;
				GCC_PREPROCESSOR_DEFINITIONS = (
					"DEBUG=1",
					"$(inherited)",
				);
				GCC_WARN_64_TO_32_BIT_CONVERSION = YES;
				GCC_WARN_ABOUT_RETURN_TYPE = YES_ERROR;
				GCC_WARN_UNDECLARED_SELECTOR = YES;
				GCC_WARN_UNINITIALIZED_AUTOS = YES_AGGRESSIVE;
				GCC_WARN_UNUSED_FUNCTION = YES;
				GCC_WARN_UNUSED_VARIABLE = YES;
				IPHONEOS_DEPLOYMENT_TARGET = 12.1;
				MTL_ENABLE_DEBUG_INFO = INCLUDE_SOURCE;
				MTL_FAST_MATH = YES;
				ONLY_ACTIVE_ARCH = YES;
				SDKROOT = iphoneos;
				SWIFT_ACTIVE_COMPILATION_CONDITIONS = DEBUG;
				SWIFT_OPTIMIZATION_LEVEL = "-Onone";
			};
			name = Debug;
		};
		26FA6B6221D2AE6500AC5998 /* Release */ = {
			isa = XCBuildConfiguration;
			buildSettings = {
				ALWAYS_SEARCH_USER_PATHS = NO;
				CLANG_ANALYZER_NONNULL = YES;
				CLANG_ANALYZER_NUMBER_OBJECT_CONVERSION = YES_AGGRESSIVE;
				CLANG_CXX_LANGUAGE_STANDARD = "gnu++14";
				CLANG_CXX_LIBRARY = "libc++";
				CLANG_ENABLE_MODULES = YES;
				CLANG_ENABLE_OBJC_ARC = YES;
				CLANG_ENABLE_OBJC_WEAK = YES;
				CLANG_WARN_BLOCK_CAPTURE_AUTORELEASING = YES;
				CLANG_WARN_BOOL_CONVERSION = YES;
				CLANG_WARN_COMMA = YES;
				CLANG_WARN_CONSTANT_CONVERSION = YES;
				CLANG_WARN_DEPRECATED_OBJC_IMPLEMENTATIONS = YES;
				CLANG_WARN_DIRECT_OBJC_ISA_USAGE = YES_ERROR;
				CLANG_WARN_DOCUMENTATION_COMMENTS = YES;
				CLANG_WARN_EMPTY_BODY = YES;
				CLANG_WARN_ENUM_CONVERSION = YES;
				CLANG_WARN_INFINITE_RECURSION = YES;
				CLANG_WARN_INT_CONVERSION = YES;
				CLANG_WARN_NON_LITERAL_NULL_CONVERSION = YES;
				CLANG_WARN_OBJC_IMPLICIT_RETAIN_SELF = YES;
				CLANG_WARN_OBJC_LITERAL_CONVERSION = YES;
				CLANG_WARN_OBJC_ROOT_CLASS = YES_ERROR;
				CLANG_WARN_RANGE_LOOP_ANALYSIS = YES;
				CLANG_WARN_STRICT_PROTOTYPES = YES;
				CLANG_WARN_SUSPICIOUS_MOVE = YES;
				CLANG_WARN_UNGUARDED_AVAILABILITY = YES_AGGRESSIVE;
				CLANG_WARN_UNREACHABLE_CODE = YES;
				CLANG_WARN__DUPLICATE_METHOD_MATCH = YES;
				CODE_SIGN_IDENTITY = "iPhone Developer";
				COPY_PHASE_STRIP = NO;
				DEBUG_INFORMATION_FORMAT = "dwarf-with-dsym";
				ENABLE_NS_ASSERTIONS = NO;
				ENABLE_STRICT_OBJC_MSGSEND = YES;
				GCC_C_LANGUAGE_STANDARD = gnu11;
				GCC_NO_COMMON_BLOCKS = YES;
				GCC_WARN_64_TO_32_BIT_CONVERSION = YES;
				GCC_WARN_ABOUT_RETURN_TYPE = YES_ERROR;
				GCC_WARN_UNDECLARED_SELECTOR = YES;
				GCC_WARN_UNINITIALIZED_AUTOS = YES_AGGRESSIVE;
				GCC_WARN_UNUSED_FUNCTION = YES;
				GCC_WARN_UNUSED_VARIABLE = YES;
				IPHONEOS_DEPLOYMENT_TARGET = 12.1;
				MTL_ENABLE_DEBUG_INFO = NO;
				MTL_FAST_MATH = YES;
				SDKROOT = iphoneos;
				SWIFT_COMPILATION_MODE = wholemodule;
				SWIFT_OPTIMIZATION_LEVEL = "-O";
				VALIDATE_PRODUCT = YES;
			};
			name = Release;
		};
		26FA6B6421D2AE6500AC5998 /* Debug */ = {
			isa = XCBuildConfiguration;
			buildSettings = {
				ASSETCATALOG_COMPILER_APPICON_NAME = AppIcon;
				CODE_SIGN_STYLE = Automatic;
				INFOPLIST_FILE = NeverMind/Info.plist;
				LD_RUNPATH_SEARCH_PATHS = (
					"$(inherited)",
					"@executable_path/Frameworks",
				);
				PRODUCT_BUNDLE_IDENTIFIER = com.example.NeverMind;
				PRODUCT_NAME = "$(TARGET_NAME)";
				SWIFT_VERSION = 4.2;
				TARGETED_DEVICE_FAMILY = "1,2";
			};
			name = Debug;
		};
		26FA6B6521D2AE6500AC5998 /* Release */ = {
			isa = XCBuildConfiguration;
			buildSettings = {
				ASSETCATALOG_COMPILER_APPICON_NAME = AppIcon;
				CODE_SIGN_STYLE = Automatic;
				INFOPLIST_FILE = NeverMind/Info.plist;
				LD_RUNPATH_SEARCH_PATHS = (
					"$(inherited)",
					"@executable_path/Frameworks",
				);
				PRODUCT_BUNDLE_IDENTIFIER = com.example.NeverMind;
				PRODUCT_NAME = "$(TARGET_NAME)";
				SWIFT_VERSION = 4.2;
				TARGETED_DEVICE_FAMILY = "1,2";
			};
			name = Release;
		};
		26FA6B6721D2AE6500AC5998 /* Debug */ = {
			isa = XCBuildConfiguration;
			buildSettings = {
				ALWAYS_EMBED_SWIFT_STANDARD_LIBRARIES = YES;
				BUNDLE_LOADER = "$(TEST_HOST)";
				CODE_SIGN_STYLE = Automatic;
				INFOPLIST_FILE = NeverMindTests/Info.plist;
				LD_RUNPATH_SEARCH_PATHS = (
					"$(inherited)",
					"@executable_path/Frameworks",
					"@loader_path/Frameworks",
				);
				PRODUCT_BUNDLE_IDENTIFIER = com.example.NeverMindTests;
				PRODUCT_NAME = "$(TARGET_NAME)";
				SWIFT_VERSION = 4.2;
				TARGETED_DEVICE_FAMILY = "1,2";
				TEST_HOST = "$(BUILT_PRODUCTS_DIR)/NeverMind.app/NeverMind";
			};
			name = Debug;
		};
		26FA6B6821D2AE6500AC5998 /* Release */ = {
			isa = XCBuildConfiguration;
			buildSettings = {
				ALWAYS_EMBED_SWIFT_STANDARD_LIBRARIES = YES;
				BUNDLE_LOADER = "$(TEST_HOST)";
				CODE_SIGN_STYLE = Automatic;
				INFOPLIST_FILE = NeverMindTests/Info.plist;
				LD_RUNPATH_SEARCH_PATHS = (
					"$(inherited)",
					"@executable_path/Frameworks",
					"@loader_path/Frameworks",
				);
				PRODUCT_BUNDLE_IDENTIFIER = com.example.NeverMindTests;
				PRODUCT_NAME = "$(TARGET_NAME)";
				SWIFT_VERSION = 4.2;
				TARGETED_DEVICE_FAMILY = "1,2";
				TEST_HOST = "$(BUILT_PRODUCTS_DIR)/NeverMind.app/NeverMind";
			};
			name = Release;
		};
		26FA6B6A21D2AE6500AC5998 /* Debug */ = {
			isa = XCBuildConfiguration;
			buildSettings = {
				ALWAYS_EMBED_SWIFT_STANDARD_LIBRARIES = YES;
				CODE_SIGN_STYLE = Automatic;
				INFOPLIST_FILE = NeverMindUITests/Info.plist;
				LD_RUNPATH_SEARCH_PATHS = (
					"$(inherited)",
					"@executable_path/Frameworks",
					"@loader_path/Frameworks",
				);
				PRODUCT_BUNDLE_IDENTIFIER = com.example.NeverMindUITests;
				PRODUCT_NAME = "$(TARGET_NAME)";
				SWIFT_VERSION = 4.2;
				TARGETED_DEVICE_FAMILY = "1,2";
				TEST_TARGET_NAME = NeverMind;
			};
			name = Debug;
		};
		26FA6B6B21D2AE6500AC5998 /* Release */ = {
			isa = XCBuildConfiguration;
			buildSettings = {
				ALWAYS_EMBED_SWIFT_STANDARD_LIBRARIES = YES;
				CODE_SIGN_STYLE = Automatic;
				INFOPLIST_FILE = NeverMindUITests/Info.plist;
				LD_RUNPATH_SEARCH_PATHS = (
					"$(inherited)",
					"@executable_path/Frameworks",
					"@loader_path/Frameworks",
				);
				PRODUCT_BUNDLE_IDENTIFIER = com.example.NeverMindUITests;
				PRODUCT_NAME = "$(TARGET_NAME)";
				SWIFT_VERSION = 4.2;
				TARGETED_DEVICE_FAMILY = "1,2";
				TEST_TARGET_NAME = NeverMind;
			};
			name = Release;
		};
/* End XCBuildConfiguration section */

/* Begin XCConfigurationList section */
		26FA6B3421D2AE6400AC5998 /* Build configuration list for PBXProject "NeverMind" */ = {
			isa = XCConfigurationList;
			buildConfigurations = (
				26FA6B6121D2AE6500AC5998 /* Debug */,
				26FA6B6221D2AE6500AC5998 /* Release */,
			);
			defaultConfigurationIsVisible = 0;
			defaultConfigurationName = Release;
		};
		26FA6B6321D2AE6500AC5998 /* Build configuration list for PBXNativeTarget "NeverMind" */ = {
			isa = XCConfigurationList;
			buildConfigurations = (
				26FA6B6421D2AE6500AC5998 /* Debug */,
				26FA6B6521D2AE6500AC5998 /* Release */,
			);
			defaultConfigurationIsVisible = 0;
			defaultConfigurationName = Release;
		};
		26FA6B6621D2AE6500AC5998 /* Build configuration list for PBXNativeTarget "NeverMindTests" */ = {
			isa = XCConfigurationList;
			buildConfigurations = (
				26FA6B6721D2AE6500AC5998 /* Debug */,
				26FA6B6821D2AE6500AC5998 /* Release */,
			);
			defaultConfigurationIsVisible = 0;
			defaultConfigurationName = Release;
		};
		26FA6B6921D2AE6500AC5998 /* Build configuration list for PBXNativeTarget "NeverMindUITests" */ = {
			isa = XCConfigurationList;
			buildConfigurations = (
				26FA6B6A21D2AE6500AC5998 /* Debug */,
				26FA6B6B21D2AE6500AC5998 /* Release */,
			);
			defaultConfigurationIsVisible = 0;
			defaultConfigurationName = Release;
		};
/* End XCConfigurationList section */
	};
	rootObject = 26FA6B3121D2AE6400AC5998 /* Project object */;
}
